{
  "version": 4,
  "terraform_version": "0.12.20",
  "serial": 1,
  "lineage": "f83d4a64-7a03-72b2-29cb-282329c961fa",
  "outputs": {},
  "resources": [
    {
      "mode": "managed",
      "type": "aws_ecr_repository",
      "name": "this",
      "provider": "provider.aws",
      "instances": [
        {
          "schema_version": 0,
          "attributes": {
            "arn": "arn:aws:ecr:us-west-2:486044618057:repository/opsmag",
            "id": "opsmag",
            "image_scanning_configuration": [
              {
                "scan_on_push": false
              }
            ],
            "image_tag_mutability": "MUTABLE",
            "name": "opsmag",
            "registry_id": "486044618057",
            "repository_url": "486044618057.dkr.ecr.us-west-2.amazonaws.com/opsmag",
            "tags": null,
            "timeouts": null
          },
          "private": "eyJlMmJmYjczMC1lY2FhLTExZTYtOGY4OC0zNDM2M2JjN2M0YzAiOnsiZGVsZXRlIjoxMjAwMDAwMDAwMDAwfX0="
        }
      ]
    }
  ]
}
